
Microsoft Visual Studio Solution File, Format Version 12.00
# Visual Studio Version 16
VisualStudioVersion = 16.0.33927.289
MinimumVisualStudioVersion = 10.0.40219.1
Project("{FAE04EC0-301F-11D3-BF4B-00C04F79EFBC}") = "Moka.Extension", "Moka.Extension\Moka.Extension.csproj", "{B91BA2B2-E6DC-465E-8D08-AC909F75FF7E}"
EndProject
Global
	GlobalSection(SolutionConfigurationPlatforms) = preSolution
		Debug|Any CPU = Debug|Any CPU
		Release|Any CPU = Release|Any CPU
	EndGlobalSection
	GlobalSection(ProjectConfigurationPlatforms) = postSolution
		{B91BA2B2-E6DC-465E-8D08-AC909F75FF7E}.Debug|Any CPU.ActiveCfg = Debug|Any CPU
		{B91BA2B2-E6DC-465E-8D08-AC909F75FF7E}.Debug|Any CPU.Build.0 = Debug|Any CPU
		{B91BA2B2-E6DC-465E-8D08-AC909F75FF7E}.Release|Any CPU.ActiveCfg = Release|Any CPU
		{B91BA2B2-E6DC-465E-8D08-AC909F75FF7E}.Release|Any CPU.Build.0 = Release|Any CPU
	EndGlobalSection
	GlobalSection(SolutionProperties) = preSolution
		HideSolutionNode = FALSE
	EndGlobalSection
	GlobalSection(ExtensibilityGlobals) = postSolution
		SolutionGuid = {4CEEA59E-5243-46ED-98C9-65488F8683CB}
	EndGlobalSection
EndGlobal
